{
  "name": "learn-arima",
  "version": "1.0.0",
  "lockfileVersion": 3,
  "requires": true,
  "packages": {
    "": {
      "name": "learn-arima",
      "version": "1.0.0",
      "license": "ISC",
      "dependencies": {
        "arima": "^0.2.5"
      }
    },
    "node_modules/arima": {
      "version": "0.2.5",
      "resolved": "https://registry.npmjs.org/arima/-/arima-0.2.5.tgz",
      "integrity": "sha512-DeACdPoXO3EbFo99oW5BcwMvu3TjgxzMfqd9T1gcPkKrQEsw2P08czMJHycbEjLnDKEcUNLVzhqi3a6raK8Eng=="
    }
  }
}
